
Microsoft Visual Studio Solution File, Format Version 10.00
# Visual Studio 2008
Project("{8BC9CEB8-8B4A-11D0-8D11-00A0C91BC942}") = "Tekstorm", "Tekstorm\Tekstorm.vcproj", "{4799EAC4-6766-4C34-A396-29F0CCBF8F44}"
EndProject
Project("{8BC9CEB8-8B4A-11D0-8D11-00A0C91BC942}") = "Demo", "Demo\Demo.vcproj", "{A36DA979-203E-4959-980F-932383536811}"
EndProject
Global
	GlobalSection(SolutionConfigurationPlatforms) = preSolution
		Debug|Win32 = Debug|Win32
		Release|Win32 = Release|Win32
	EndGlobalSection
	GlobalSection(ProjectConfigurationPlatforms) = postSolution
		{4799EAC4-6766-4C34-A396-29F0CCBF8F44}.Debug|Win32.ActiveCfg = Debug|Win32
		{4799EAC4-6766-4C34-A396-29F0CCBF8F44}.Debug|Win32.Build.0 = Debug|Win32
		{4799EAC4-6766-4C34-A396-29F0CCBF8F44}.Release|Win32.ActiveCfg = Release|Win32
		{4799EAC4-6766-4C34-A396-29F0CCBF8F44}.Release|Win32.Build.0 = Release|Win32
		{A36DA979-203E-4959-980F-932383536811}.Debug|Win32.ActiveCfg = Debug|Win32
		{A36DA979-203E-4959-980F-932383536811}.Debug|Win32.Build.0 = Debug|Win32
		{A36DA979-203E-4959-980F-932383536811}.Release|Win32.ActiveCfg = Release|Win32
		{A36DA979-203E-4959-980F-932383536811}.Release|Win32.Build.0 = Release|Win32
	EndGlobalSection
	GlobalSection(SolutionProperties) = preSolution
		HideSolutionNode = FALSE
	EndGlobalSection
EndGlobal
